
Microsoft Visual Studio Solution File, Format Version 12.00
# Visual Studio Version 17
VisualStudioVersion = 17.6.33513.286
MinimumVisualStudioVersion = 10.0.40219.1
Project("{9A19103F-16F7-4668-BE54-9A1E7A4F7556}") = "Rt.TvMaze.Presentation", "Rt.TvMaze.Presentation.csproj", "{0BBFC94C-1BB8-4FD0-BFB0-F22AB3DE35C7}"
EndProject
Project("{9A19103F-16F7-4668-BE54-9A1E7A4F7556}") = "Rtl.TvMaze.Domain", "..\Rtl.MazeScrapper.Domain\Rtl.TvMaze.Domain.csproj", "{6FA57AC1-1526-40EE-B662-3ABFAD78AB64}"
EndProject
Project("{9A19103F-16F7-4668-BE54-9A1E7A4F7556}") = "Rtl.TvMaze.Application", "..\Rtl.MazeScrapper.Application\Rtl.TvMaze.Application.csproj", "{8C6219E3-6551-4D92-9BFE-D7239B6ED658}"
EndProject
Project("{2150E333-8FDC-42A3-9474-1A3956D46DE8}") = "Scrapper", "Scrapper", "{AC924A67-CD19-4D8E-A2A7-51B304DF4610}"
EndProject
Project("{2150E333-8FDC-42A3-9474-1A3956D46DE8}") = "Presentation", "Presentation", "{B465646B-FB47-40F3-BC67-855F31AAFF83}"
EndProject
Project("{9A19103F-16F7-4668-BE54-9A1E7A4F7556}") = "Rtl.TvMaze.Scrapper", "..\Rtl.TvMaze.Scrapper\Rtl.TvMaze.Scrapper.csproj", "{3DABD962-9792-48AA-88AF-82ED8BF65D34}"
EndProject
Project("{2150E333-8FDC-42A3-9474-1A3956D46DE8}") = "Shared", "Shared", "{BBDF8646-81C4-4161-AAE9-1FD38638D7B7}"
EndProject
Project("{9A19103F-16F7-4668-BE54-9A1E7A4F7556}") = "Rtl.TvMaze.Persistence", "..\Rtl.TvMaze.Persistence\Rtl.TvMaze.Persistence.csproj", "{E0EE42A6-F1D5-411C-9E64-E8ED9065F799}"
EndProject
Project("{FAE04EC0-301F-11D3-BF4B-00C04F79EFBC}") = "Rtl.TvMaze.Infrastructure", "..\Rtl.TvMaze.Infrastructure\Rtl.TvMaze.Infrastructure.csproj", "{B81FD5C1-E2DD-43C1-920B-53D3AD0D7C66}"
EndProject
Global
	GlobalSection(SolutionConfigurationPlatforms) = preSolution
		Debug|Any CPU = Debug|Any CPU
		Release|Any CPU = Release|Any CPU
	EndGlobalSection
	GlobalSection(ProjectConfigurationPlatforms) = postSolution
		{0BBFC94C-1BB8-4FD0-BFB0-F22AB3DE35C7}.Debug|Any CPU.ActiveCfg = Debug|Any CPU
		{0BBFC94C-1BB8-4FD0-BFB0-F22AB3DE35C7}.Debug|Any CPU.Build.0 = Debug|Any CPU
		{0BBFC94C-1BB8-4FD0-BFB0-F22AB3DE35C7}.Release|Any CPU.ActiveCfg = Release|Any CPU
		{0BBFC94C-1BB8-4FD0-BFB0-F22AB3DE35C7}.Release|Any CPU.Build.0 = Release|Any CPU
		{6FA57AC1-1526-40EE-B662-3ABFAD78AB64}.Debug|Any CPU.ActiveCfg = Debug|Any CPU
		{6FA57AC1-1526-40EE-B662-3ABFAD78AB64}.Debug|Any CPU.Build.0 = Debug|Any CPU
		{6FA57AC1-1526-40EE-B662-3ABFAD78AB64}.Release|Any CPU.ActiveCfg = Release|Any CPU
		{6FA57AC1-1526-40EE-B662-3ABFAD78AB64}.Release|Any CPU.Build.0 = Release|Any CPU
		{8C6219E3-6551-4D92-9BFE-D7239B6ED658}.Debug|Any CPU.ActiveCfg = Debug|Any CPU
		{8C6219E3-6551-4D92-9BFE-D7239B6ED658}.Debug|Any CPU.Build.0 = Debug|Any CPU
		{8C6219E3-6551-4D92-9BFE-D7239B6ED658}.Release|Any CPU.ActiveCfg = Release|Any CPU
		{8C6219E3-6551-4D92-9BFE-D7239B6ED658}.Release|Any CPU.Build.0 = Release|Any CPU
		{3DABD962-9792-48AA-88AF-82ED8BF65D34}.Debug|Any CPU.ActiveCfg = Debug|Any CPU
		{3DABD962-9792-48AA-88AF-82ED8BF65D34}.Debug|Any CPU.Build.0 = Debug|Any CPU
		{3DABD962-9792-48AA-88AF-82ED8BF65D34}.Release|Any CPU.ActiveCfg = Release|Any CPU
		{3DABD962-9792-48AA-88AF-82ED8BF65D34}.Release|Any CPU.Build.0 = Release|Any CPU
		{E0EE42A6-F1D5-411C-9E64-E8ED9065F799}.Debug|Any CPU.ActiveCfg = Debug|Any CPU
		{E0EE42A6-F1D5-411C-9E64-E8ED9065F799}.Debug|Any CPU.Build.0 = Debug|Any CPU
		{E0EE42A6-F1D5-411C-9E64-E8ED9065F799}.Release|Any CPU.ActiveCfg = Release|Any CPU
		{E0EE42A6-F1D5-411C-9E64-E8ED9065F799}.Release|Any CPU.Build.0 = Release|Any CPU
		{B81FD5C1-E2DD-43C1-920B-53D3AD0D7C66}.Debug|Any CPU.ActiveCfg = Debug|Any CPU
		{B81FD5C1-E2DD-43C1-920B-53D3AD0D7C66}.Debug|Any CPU.Build.0 = Debug|Any CPU
		{B81FD5C1-E2DD-43C1-920B-53D3AD0D7C66}.Release|Any CPU.ActiveCfg = Release|Any CPU
		{B81FD5C1-E2DD-43C1-920B-53D3AD0D7C66}.Release|Any CPU.Build.0 = Release|Any CPU
	EndGlobalSection
	GlobalSection(SolutionProperties) = preSolution
		HideSolutionNode = FALSE
	EndGlobalSection
	GlobalSection(NestedProjects) = preSolution
		{0BBFC94C-1BB8-4FD0-BFB0-F22AB3DE35C7} = {B465646B-FB47-40F3-BC67-855F31AAFF83}
		{6FA57AC1-1526-40EE-B662-3ABFAD78AB64} = {BBDF8646-81C4-4161-AAE9-1FD38638D7B7}
		{8C6219E3-6551-4D92-9BFE-D7239B6ED658} = {B465646B-FB47-40F3-BC67-855F31AAFF83}
		{3DABD962-9792-48AA-88AF-82ED8BF65D34} = {AC924A67-CD19-4D8E-A2A7-51B304DF4610}
		{E0EE42A6-F1D5-411C-9E64-E8ED9065F799} = {BBDF8646-81C4-4161-AAE9-1FD38638D7B7}
		{B81FD5C1-E2DD-43C1-920B-53D3AD0D7C66} = {BBDF8646-81C4-4161-AAE9-1FD38638D7B7}
	EndGlobalSection
	GlobalSection(ExtensibilityGlobals) = postSolution
		SolutionGuid = {8D0BE1F1-AF51-412C-AC37-A4A1E310B48E}
	EndGlobalSection
EndGlobal
